{
  "name": "@poesy-liang-blog/app",
  "version": "0.3.0",
  "lockfileVersion": 3,
  "requires": true,
  "packages": {
    "": {
      "name": "@poesy-liang-blog/app",
      "version": "0.3.0",
      "dependencies": {
        "@payloadcms/admin-bar": "^3.60.0"
      },
      "engines": {
        "node": "^18.20.2 || >=20.9.0"
      }
    },
    "node_modules/@payloadcms/admin-bar": {
      "version": "3.60.0",
      "resolved": "https://registry.npmjs.org/@payloadcms/admin-bar/-/admin-bar-3.60.0.tgz",
      "integrity": "sha512-5F8afwYfSNZTXVVTYclEWEhs6b+miywCwID+Ph5vM5MZfwO+Mf/ffGGB1wY1FYQi5x2a0UnE67m8DCx2bMjZCA==",
      "license": "MIT",
      "peerDependencies": {
        "react": "^16.8.0 || ^17.0.0 || ^18.0.0 || ^19.0.0",
        "react-dom": "^16.8.0 || ^17.0.0 || ^18.0.0 || ^19.0.0"
      }
    },
    "node_modules/react": {
      "version": "19.1.0",
      "license": "MIT",
      "peer": true,
      "engines": {
        "node": ">=0.10.0"
      }
    },
    "node_modules/react-dom": {
      "version": "19.1.0",
      "license": "MIT",
      "dependencies": {
        "scheduler": "^0.26.0"
      },
      "peerDependencies": {
        "react": "^19.1.0"
      }
    },
    "node_modules/react-dom/node_modules/scheduler": {
      "version": "0.26.0",
      "license": "MIT"
    }
  }
}
